// !$*UTF8*$!
{
	archiveVersion = 1;
	classes = {
	};
	objectVersion = 50;
	objects = {

/* Begin PBXBuildFile section */
		21AFD5A5225F4B2600C62689 /* AppDelegate.swift in Sources */ = {isa = PBXBuildFile; fileRef = 21AFD5A4225F4B2600C62689 /* AppDelegate.swift */; };
		21AFD5AC225F4B2800C62689 /* Assets.xcassets in Resources */ = {isa = PBXBuildFile; fileRef = 21AFD5AB225F4B2800C62689 /* Assets.xcassets */; };
		21AFD5AF225F4B2800C62689 /* LaunchScreen.storyboard in Resources */ = {isa = PBXBuildFile; fileRef = 21AFD5AD225F4B2800C62689 /* LaunchScreen.storyboard */; };
		21AFD5B8225F4F6300C62689 /* HittestableView.swift in Sources */ = {isa = PBXBuildFile; fileRef = 21AFD5B7225F4F6300C62689 /* HittestableView.swift */; };
		21AFD5BB225F50C900C62689 /* HittestableController.swift in Sources */ = {isa = PBXBuildFile; fileRef = 21AFD5BA225F50C900C62689 /* HittestableController.swift */; };
		21AFD5BD225F51A400C62689 /* HittestableControllerAssembly.swift in Sources */ = {isa = PBXBuildFile; fileRef = 21AFD5BC225F51A400C62689 /* HittestableControllerAssembly.swift */; };
/* End PBXBuildFile section */

/* Begin PBXFileReference section */
		21AFD5A1225F4B2600C62689 /* HitTest.app */ = {isa = PBXFileReference; explicitFileType = wrapper.application; includeInIndex = 0; path = HitTest.app; sourceTree = BUILT_PRODUCTS_DIR; };
		21AFD5A4225F4B2600C62689 /* AppDelegate.swift */ = {isa = PBXFileReference; lastKnownFileType = sourcecode.swift; path = AppDelegate.swift; sourceTree = "<group>"; };
		21AFD5AB225F4B2800C62689 /* Assets.xcassets */ = {isa = PBXFileReference; lastKnownFileType = folder.assetcatalog; path = Assets.xcassets; sourceTree = "<group>"; };
		21AFD5AE225F4B2800C62689 /* Base */ = {isa = PBXFileReference; lastKnownFileType = file.storyboard; name = Base; path = Base.lproj/LaunchScreen.storyboard; sourceTree = "<group>"; };
		21AFD5B0225F4B2800C62689 /* Info.plist */ = {isa = PBXFileReference; lastKnownFileType = text.plist.xml; path = Info.plist; sourceTree = "<group>"; };
		21AFD5B7225F4F6300C62689 /* HittestableView.swift */ = {isa = PBXFileReference; lastKnownFileType = sourcecode.swift; path = HittestableView.swift; sourceTree = "<group>"; };
		21AFD5BA225F50C900C62689 /* HittestableController.swift */ = {isa = PBXFileReference; lastKnownFileType = sourcecode.swift; path = HittestableController.swift; sourceTree = "<group>"; };
		21AFD5BC225F51A400C62689 /* HittestableControllerAssembly.swift */ = {isa = PBXFileReference; lastKnownFileType = sourcecode.swift; path = HittestableControllerAssembly.swift; sourceTree = "<group>"; };
/* End PBXFileReference section */

/* Begin PBXFrameworksBuildPhase section */
		21AFD59E225F4B2600C62689 /* Frameworks */ = {
			isa = PBXFrameworksBuildPhase;
			buildActionMask = 2147483647;
			files = (
			);
			runOnlyForDeploymentPostprocessing = 0;
		};
/* End PBXFrameworksBuildPhase section */

/* Begin PBXGroup section */
		21AFD598225F4B2600C62689 = {
			isa = PBXGroup;
			children = (
				21AFD5A3225F4B2600C62689 /* HitTest */,
				21AFD5A2225F4B2600C62689 /* Products */,
			);
			sourceTree = "<group>";
		};
		21AFD5A2225F4B2600C62689 /* Products */ = {
			isa = PBXGroup;
			children = (
				21AFD5A1225F4B2600C62689 /* HitTest.app */,
			);
			name = Products;
			sourceTree = "<group>";
		};
		21AFD5A3225F4B2600C62689 /* HitTest */ = {
			isa = PBXGroup;
			children = (
				21AFD5B9225F50B800C62689 /* hittestable controller */,
				21AFD5B6225F4F5600C62689 /* custom view */,
				21AFD5A4225F4B2600C62689 /* AppDelegate.swift */,
				21AFD5AB225F4B2800C62689 /* Assets.xcassets */,
				21AFD5AD225F4B2800C62689 /* LaunchScreen.storyboard */,
				21AFD5B0225F4B2800C62689 /* Info.plist */,
			);
			path = HitTest;
			sourceTree = "<group>";
		};
		21AFD5B6225F4F5600C62689 /* custom view */ = {
			isa = PBXGroup;
			children = (
				21AFD5B7225F4F6300C62689 /* HittestableView.swift */,
			);
			path = "custom view";
			sourceTree = "<group>";
		};
		21AFD5B9225F50B800C62689 /* hittestable controller */ = {
			isa = PBXGroup;
			children = (
				21AFD5BA225F50C900C62689 /* HittestableController.swift */,
				21AFD5BC225F51A400C62689 /* HittestableControllerAssembly.swift */,
			);
			path = "hittestable controller";
			sourceTree = "<group>";
		};
/* End PBXGroup section */

/* Begin PBXNativeTarget section */
		21AFD5A0225F4B2600C62689 /* HitTest */ = {
			isa = PBXNativeTarget;
			buildConfigurationList = 21AFD5B3225F4B2800C62689 /* Build configuration list for PBXNativeTarget "HitTest" */;
			buildPhases = (
				21AFD59D225F4B2600C62689 /* Sources */,
				21AFD59E225F4B2600C62689 /* Frameworks */,
				21AFD59F225F4B2600C62689 /* Resources */,
			);
			buildRules = (
			);
			dependencies = (
			);
			name = HitTest;
			productName = HitTest;
			productReference = 21AFD5A1225F4B2600C62689 /* HitTest.app */;
			productType = "com.apple.product-type.application";
		};
/* End PBXNativeTarget section */

/* Begin PBXProject section */
		21AFD599225F4B2600C62689 /* Project object */ = {
			isa = PBXProject;
			attributes = {
				LastSwiftUpdateCheck = 1010;
				LastUpgradeCheck = 1010;
				ORGANIZATIONNAME = "Nikita Semenov";
				TargetAttributes = {
					21AFD5A0225F4B2600C62689 = {
						CreatedOnToolsVersion = 10.1;
						LastSwiftMigration = 1020;
					};
				};
			};
			buildConfigurationList = 21AFD59C225F4B2600C62689 /* Build configuration list for PBXProject "HitTest" */;
			compatibilityVersion = "Xcode 9.3";
			developmentRegion = en;
			hasScannedForEncodings = 0;
			knownRegions = (
				en,
				Base,
			);
			mainGroup = 21AFD598225F4B2600C62689;
			productRefGroup = 21AFD5A2225F4B2600C62689 /* Products */;
			projectDirPath = "";
			projectRoot = "";
			targets = (
				21AFD5A0225F4B2600C62689 /* HitTest */,
			);
		};
/* End PBXProject section */

/* Begin PBXResourcesBuildPhase section */
		21AFD59F225F4B2600C62689 /* Resources */ = {
			isa = PBXResourcesBuildPhase;
			buildActionMask = 2147483647;
			files = (
				21AFD5AF225F4B2800C62689 /* LaunchScreen.storyboard in Resources */,
				21AFD5AC225F4B2800C62689 /* Assets.xcassets in Resources */,
			);
			runOnlyForDeploymentPostprocessing = 0;
		};
/* End PBXResourcesBuildPhase section */

/* Begin PBXSourcesBuildPhase section */
		21AFD59D225F4B2600C62689 /* Sources */ = {
			isa = PBXSourcesBuildPhase;
			buildActionMask = 2147483647;
			files = (
				21AFD5BB225F50C900C62689 /* HittestableController.swift in Sources */,
				21AFD5B8225F4F6300C62689 /* HittestableView.swift in Sources */,
				21AFD5A5225F4B2600C62689 /* AppDelegate.swift in Sources */,
				21AFD5BD225F51A400C62689 /* HittestableControllerAssembly.swift in Sources */,
			);
			runOnlyForDeploymentPostprocessing = 0;
		};
/* End PBXSourcesBuildPhase section */

/* Begin PBXVariantGroup section */
		21AFD5AD225F4B2800C62689 /* LaunchScreen.storyboard */ = {
			isa = PBXVariantGroup;
			children = (
				21AFD5AE225F4B2800C62689 /* Base */,
			);
			name = LaunchScreen.storyboard;
			sourceTree = "<group>";
		};
/* End PBXVariantGroup section */

/* Begin XCBuildConfiguration section */
		21AFD5B1225F4B2800C62689 /* Debug */ = {
			isa = XCBuildConfiguration;
			buildSettings = {
				ALWAYS_SEARCH_USER_PATHS = NO;
				CLANG_ANALYZER_NONNULL = YES;
				CLANG_ANALYZER_NUMBER_OBJECT_CONVERSION = YES_AGGRESSIVE;
				CLANG_CXX_LANGUAGE_STANDARD = "gnu++14";
				CLANG_CXX_LIBRARY = "libc++";
				CLANG_ENABLE_MODULES = YES;
				CLANG_ENABLE_OBJC_ARC = YES;
				CLANG_ENABLE_OBJC_WEAK = YES;
				CLANG_WARN_BLOCK_CAPTURE_AUTORELEASING = YES;
				CLANG_WARN_BOOL_CONVERSION = YES;
				CLANG_WARN_COMMA = YES;
				CLANG_WARN_CONSTANT_CONVERSION = YES;
				CLANG_WARN_DEPRECATED_OBJC_IMPLEMENTATIONS = YES;
				CLANG_WARN_DIRECT_OBJC_ISA_USAGE = YES_ERROR;
				CLANG_WARN_DOCUMENTATION_COMMENTS = YES;
				CLANG_WARN_EMPTY_BODY = YES;
				CLANG_WARN_ENUM_CONVERSION = YES;
				CLANG_WARN_INFINITE_RECURSION = YES;
				CLANG_WARN_INT_CONVERSION = YES;
				CLANG_WARN_NON_LITERAL_NULL_CONVERSION = YES;
				CLANG_WARN_OBJC_IMPLICIT_RETAIN_SELF = YES;
				CLANG_WARN_OBJC_LITERAL_CONVERSION = YES;
				CLANG_WARN_OBJC_ROOT_CLASS = YES_ERROR;
				CLANG_WARN_RANGE_LOOP_ANALYSIS = YES;
				CLANG_WARN_STRICT_PROTOTYPES = YES;
				CLANG_WARN_SUSPICIOUS_MOVE = YES;
				CLANG_WARN_UNGUARDED_AVAILABILITY = YES_AGGRESSIVE;
				CLANG_WARN_UNREACHABLE_CODE = YES;
				CLANG_WARN__DUPLICATE_METHOD_MATCH = YES;
				CODE_SIGN_IDENTITY = "iPhone Developer";
				COPY_PHASE_STRIP = NO;
				DEBUG_INFORMATION_FORMAT = dwarf;
				ENABLE_STRICT_OBJC_MSGSEND = YES;
				ENABLE_TESTABILITY = YES;
				GCC_C_LANGUAGE_STANDARD = gnu11;
				GCC_DYNAMIC_NO_PIC = NO;
				GCC_NO_COMMON_BLOCKS = YES;
				GCC_OPTIMIZATION_LEVEL = 0;
				GCC_PREPROCESSOR_DEFINITIONS = (
					"DEBUG=1",
					"$(inherited)",
				);
				GCC_WARN_64_TO_32_BIT_CONVERSION = YES;
				GCC_WARN_ABOUT_RETURN_TYPE = YES_ERROR;
				GCC_WARN_UNDECLARED_SELECTOR = YES;
				GCC_WARN_UNINITIALIZED_AUTOS = YES_AGGRESSIVE;
				GCC_WARN_UNUSED_FUNCTION = YES;
				GCC_WARN_UNUSED_VARIABLE = YES;
				IPHONEOS_DEPLOYMENT_TARGET = 12.1;
				MTL_ENABLE_DEBUG_INFO = INCLUDE_SOURCE;
				MTL_FAST_MATH = YES;
				ONLY_ACTIVE_ARCH = YES;
				SDKROOT = iphoneos;
				SWIFT_ACTIVE_COMPILATION_CONDITIONS = DEBUG;
				SWIFT_OPTIMIZATION_LEVEL = "-Onone";
			};
			name = Debug;
		};
		21AFD5B2225F4B2800C62689 /* Release */ = {
			isa = XCBuildConfiguration;
			buildSettings = {
				ALWAYS_SEARCH_USER_PATHS = NO;
				CLANG_ANALYZER_NONNULL = YES;
				CLANG_ANALYZER_NUMBER_OBJECT_CONVERSION = YES_AGGRESSIVE;
				CLANG_CXX_LANGUAGE_STANDARD = "gnu++14";
				CLANG_CXX_LIBRARY = "libc++";
				CLANG_ENABLE_MODULES = YES;
				CLANG_ENABLE_OBJC_ARC = YES;
				CLANG_ENABLE_OBJC_WEAK = YES;
				CLANG_WARN_BLOCK_CAPTURE_AUTORELEASING = YES;
				CLANG_WARN_BOOL_CONVERSION = YES;
				CLANG_WARN_COMMA = YES;
				CLANG_WARN_CONSTANT_CONVERSION = YES;
				CLANG_WARN_DEPRECATED_OBJC_IMPLEMENTATIONS = YES;
				CLANG_WARN_DIRECT_OBJC_ISA_USAGE = YES_ERROR;
				CLANG_WARN_DOCUMENTATION_COMMENTS = YES;
				CLANG_WARN_EMPTY_BODY = YES;
				CLANG_WARN_ENUM_CONVERSION = YES;
				CLANG_WARN_INFINITE_RECURSION = YES;
				CLANG_WARN_INT_CONVERSION = YES;
				CLANG_WARN_NON_LITERAL_NULL_CONVERSION = YES;
				CLANG_WARN_OBJC_IMPLICIT_RETAIN_SELF = YES;
				CLANG_WARN_OBJC_LITERAL_CONVERSION = YES;
				CLANG_WARN_OBJC_ROOT_CLASS = YES_ERROR;
				CLANG_WARN_RANGE_LOOP_ANALYSIS = YES;
				CLANG_WARN_STRICT_PROTOTYPES = YES;
				CLANG_WARN_SUSPICIOUS_MOVE = YES;
				CLANG_WARN_UNGUARDED_AVAILABILITY = YES_AGGRESSIVE;
				CLANG_WARN_UNREACHABLE_CODE = YES;
				CLANG_WARN__DUPLICATE_METHOD_MATCH = YES;
				CODE_SIGN_IDENTITY = "iPhone Developer";
				COPY_PHASE_STRIP = NO;
				DEBUG_INFORMATION_FORMAT = "dwarf-with-dsym";
				ENABLE_NS_ASSERTIONS = NO;
				ENABLE_STRICT_OBJC_MSGSEND = YES;
				GCC_C_LANGUAGE_STANDARD = gnu11;
				GCC_NO_COMMON_BLOCKS = YES;
				GCC_WARN_64_TO_32_BIT_CONVERSION = YES;
				GCC_WARN_ABOUT_RETURN_TYPE = YES_ERROR;
				GCC_WARN_UNDECLARED_SELECTOR = YES;
				GCC_WARN_UNINITIALIZED_AUTOS = YES_AGGRESSIVE;
				GCC_WARN_UNUSED_FUNCTION = YES;
				GCC_WARN_UNUSED_VARIABLE = YES;
				IPHONEOS_DEPLOYMENT_TARGET = 12.1;
				MTL_ENABLE_DEBUG_INFO = NO;
				MTL_FAST_MATH = YES;
				SDKROOT = iphoneos;
				SWIFT_COMPILATION_MODE = wholemodule;
				SWIFT_OPTIMIZATION_LEVEL = "-O";
				VALIDATE_PRODUCT = YES;
			};
			name = Release;
		};
		21AFD5B4225F4B2800C62689 /* Debug */ = {
			isa = XCBuildConfiguration;
			buildSettings = {
				ASSETCATALOG_COMPILER_APPICON_NAME = AppIcon;
				CODE_SIGN_STYLE = Automatic;
				DEVELOPMENT_TEAM = 5G22P334F2;
				INFOPLIST_FILE = HitTest/Info.plist;
				LD_RUNPATH_SEARCH_PATHS = (
					"$(inherited)",
					"@executable_path/Frameworks",
				);
				PRODUCT_BUNDLE_IDENTIFIER = "Nikita-Semenov.HitTest";
				PRODUCT_NAME = "$(TARGET_NAME)";
				SWIFT_VERSION = 5.0;
				TARGETED_DEVICE_FAMILY = "1,2";
			};
			name = Debug;
		};
		21AFD5B5225F4B2800C62689 /* Release */ = {
			isa = XCBuildConfiguration;
			buildSettings = {
				ASSETCATALOG_COMPILER_APPICON_NAME = AppIcon;
				CODE_SIGN_STYLE = Automatic;
				DEVELOPMENT_TEAM = 5G22P334F2;
				INFOPLIST_FILE = HitTest/Info.plist;
				LD_RUNPATH_SEARCH_PATHS = (
					"$(inherited)",
					"@executable_path/Frameworks",
				);
				PRODUCT_BUNDLE_IDENTIFIER = "Nikita-Semenov.HitTest";
				PRODUCT_NAME = "$(TARGET_NAME)";
				SWIFT_VERSION = 5.0;
				TARGETED_DEVICE_FAMILY = "1,2";
			};
			name = Release;
		};
/* End XCBuildConfiguration section */

/* Begin XCConfigurationList section */
		21AFD59C225F4B2600C62689 /* Build configuration list for PBXProject "HitTest" */ = {
			isa = XCConfigurationList;
			buildConfigurations = (
				21AFD5B1225F4B2800C62689 /* Debug */,
				21AFD5B2225F4B2800C62689 /* Release */,
			);
			defaultConfigurationIsVisible = 0;
			defaultConfigurationName = Release;
		};
		21AFD5B3225F4B2800C62689 /* Build configuration list for PBXNativeTarget "HitTest" */ = {
			isa = XCConfigurationList;
			buildConfigurations = (
				21AFD5B4225F4B2800C62689 /* Debug */,
				21AFD5B5225F4B2800C62689 /* Release */,
			);
			defaultConfigurationIsVisible = 0;
			defaultConfigurationName = Release;
		};
/* End XCConfigurationList section */
	};
	rootObject = 21AFD599225F4B2600C62689 /* Project object */;
}
